{
  "version": 4,
  "terraform_version": "0.14.9",
  "serial": 10,
  "lineage": "6a052154-74dd-ff1a-8d41-285758fd21d5",
  "outputs": {},
  "resources": [
    {
      "mode": "managed",
      "type": "github_branch_default",
      "name": "default",
      "provider": "provider[\"registry.terraform.io/integrations/github\"]",
      "instances": [
        {
          "schema_version": 0,
          "attributes": {
            "branch": "main",
            "id": "mtc-dev-repo",
            "repository": "mtc-dev-repo"
          },
          "sensitive_attributes": [],
          "private": "bnVsbA==",
          "dependencies": [
            "github_repository.mtc_repo"
          ]
        }
      ]
    },
    {
      "mode": "managed",
      "type": "github_repository",
      "name": "mtc_repo",
      "provider": "provider[\"registry.terraform.io/integrations/github\"]",
      "instances": [
        {
          "schema_version": 0,
          "attributes": {
            "allow_merge_commit": true,
            "allow_rebase_merge": true,
            "allow_squash_merge": true,
            "archive_on_destroy": null,
            "archived": false,
            "auto_init": true,
            "default_branch": "main",
            "delete_branch_on_merge": false,
            "description": "VPC and Commute resource",
            "etag": "W/\"c74042ccc89bd84c50a82e21499ade10bc91a4761dc4ae98ff4b2660986df184\"",
            "full_name": "Shivaramane/mtc-dev-repo",
            "git_clone_url": "git://github.com/Shivaramane/mtc-dev-repo.git",
            "gitignore_template": null,
            "has_downloads": false,
            "has_issues": false,
            "has_projects": false,
            "has_wiki": false,
            "homepage_url": "",
            "html_url": "https://github.com/Shivaramane/mtc-dev-repo",
            "http_clone_url": "https://github.com/Shivaramane/mtc-dev-repo.git",
            "id": "mtc-dev-repo",
            "is_template": false,
            "license_template": "mit",
            "name": "mtc-dev-repo",
            "node_id": "MDEwOlJlcG9zaXRvcnkzNjQwNzE2Mzg=",
            "pages": [],
            "private": true,
            "repo_id": 364071638,
            "ssh_clone_url": "git@github.com:Shivaramane/mtc-dev-repo.git",
            "svn_url": "https://github.com/Shivaramane/mtc-dev-repo",
            "template": [],
            "topics": [],
            "visibility": "private",
            "vulnerability_alerts": false
          },
          "sensitive_attributes": [],
          "private": "bnVsbA=="
        }
      ]
    },
    {
      "mode": "managed",
      "type": "github_repository_file",
      "name": "maintf",
      "provider": "provider[\"registry.terraform.io/integrations/github\"]",
      "instances": [
        {
          "schema_version": 0,
          "attributes": {
            "branch": "main",
            "commit_author": "Shivaramane",
            "commit_email": "47156611+Shivaramane@users.noreply.github.com",
            "commit_message": "Managed by Terraform",
            "commit_sha": "0d34af2d933a1b19d3db2ac9bc4c8ac027a719c3",
            "content": "//--------------------------------------------------------------------\n// Variables\n\n\n\n//--------------------------------------------------------------------\n// Modules\nmodule \"compute\" {\n  source  = \"app.terraform.io/shivafa/compute/aws\"\n  version = \"1.0.0\"\n\n  aws_region          = \"us-east-1\"\n  public_key_material = \"ssh-rsa AAAAB3NzaC1yc2EAAAADAQABAAABAQDtalEOwc9MO7/SYj02mrFZ+6dRaU1gt5CQRFFlbpHhWl+KTeFGUi/cv+3PXERNuOZsTR7M1mHXiETIGlu65xzxWJI4MeIfkj/VJt80sfbPLafCdy8nm5Bezwha8L3TOTeh2ohUCrI22+aFGw1z1my0Xi04eK7tocQuXVkc4fRDJ6s22sD4yv/UHeUV3KOzAKuoVyYJnCC/sRsiV/Gxp/RZRhsn0OiOLKsro3Zu6GzNYQjWG5YTfv53fD4QfCiDlW0I3h1s5mlOIE2El05Y10Q9VXpAW3Nm8i+NvJSNdrHebZXeY5f8ZsrDO8ED1MCVUXVAKqcN8mT6lV77NJ7jCVrR ubuntu@ip-172-31-30-81\"\n  public_sg           = module.networking.public_sg\n  public_subnets      = module.networking.public_subnets\n}\n\nmodule \"networking\" {\n  source  = \"app.terraform.io/shivafa/networking/aws\"\n  version = \"1.0.0\"\n\n  access_ip  = \"0.0.0.0/0\"\n  aws_region = \"us-east-1\"\n}",
            "file": "main.tf",
            "id": "mtc-dev-repo/main.tf",
            "overwrite_on_create": true,
            "repository": "mtc-dev-repo",
            "sha": "a7a32231abeb369ee445b19d1d4f5bbe3149fc9e"
          },
          "sensitive_attributes": [],
          "private": "bnVsbA==",
          "dependencies": [
            "github_repository.mtc_repo"
          ]
        }
      ]
    },
    {
      "mode": "managed",
      "type": "tfe_oauth_client",
      "name": "mtc_oauth",
      "provider": "provider[\"registry.terraform.io/hashicorp/tfe\"]",
      "instances": [
        {
          "schema_version": 0,
          "attributes": {
            "api_url": "https://api.github.com",
            "http_url": "https://github.com",
            "id": "oc-YmRnoQPCPwkGMxPE",
            "oauth_token": "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",
            "oauth_token_id": "ot-Spe5gMGbBgo9Xs3f",
            "organization": "shivafa",
            "private_key": null,
            "service_provider": "github"
          },
          "sensitive_attributes": [],
          "private": "bnVsbA=="
        }
      ]
    },
    {
      "mode": "managed",
      "type": "tfe_variable",
      "name": "aws_creds",
      "provider": "provider[\"registry.terraform.io/hashicorp/tfe\"]",
      "instances": [
        {
          "index_key": "AWS_ACCESS_KEY_ID",
          "schema_version": 1,
          "attributes": {
            "category": "env",
            "description": "AWS_Creds",
            "hcl": false,
            "id": "var-xMkWcmrkaL1EuroD",
            "key": "AWS_ACCESS_KEY_ID",
            "sensitive": true,
            "value": "AKIA6MSH3VS64KCSTLHI",
            "workspace_id": "ws-veVYKHmyYdtahj98"
          },
          "sensitive_attributes": [],
          "private": "eyJzY2hlbWFfdmVyc2lvbiI6IjEifQ==",
          "dependencies": [
            "github_repository.mtc_repo",
            "tfe_oauth_client.mtc_oauth",
            "tfe_workspace.mtc_workspace"
          ]
        },
        {
          "index_key": "AWS_SECRET_ACCESS_KEY",
          "schema_version": 1,
          "attributes": {
            "category": "env",
            "description": "AWS_Creds",
            "hcl": false,
            "id": "var-yNgebgp4JUFB93w4",
            "key": "AWS_SECRET_ACCESS_KEY",
            "sensitive": true,
            "value": "4NSFnmlvJsnMsm83ykTPXoaxHyVjjG+vuruK6+Zv",
            "workspace_id": "ws-veVYKHmyYdtahj98"
          },
          "sensitive_attributes": [],
          "private": "eyJzY2hlbWFfdmVyc2lvbiI6IjEifQ==",
          "dependencies": [
            "github_repository.mtc_repo",
            "tfe_oauth_client.mtc_oauth",
            "tfe_workspace.mtc_workspace"
          ]
        }
      ]
    },
    {
      "mode": "managed",
      "type": "tfe_workspace",
      "name": "mtc_workspace",
      "provider": "provider[\"registry.terraform.io/hashicorp/tfe\"]",
      "instances": [
        {
          "schema_version": 1,
          "attributes": {
            "agent_pool_id": "",
            "allow_destroy_plan": true,
            "auto_apply": false,
            "description": "",
            "execution_mode": "remote",
            "file_triggers_enabled": true,
            "global_remote_state": true,
            "id": "ws-veVYKHmyYdtahj98",
            "name": "mtc-dev-repo",
            "operations": true,
            "organization": "shivafa",
            "queue_all_runs": true,
            "remote_state_consumer_ids": null,
            "speculative_enabled": true,
            "ssh_key_id": "",
            "terraform_version": "0.15.1",
            "trigger_prefixes": null,
            "vcs_repo": [
              {
                "branch": "",
                "identifier": "shivaramane/mtc-dev-repo",
                "ingress_submodules": false,
                "oauth_token_id": "ot-Spe5gMGbBgo9Xs3f"
              }
            ],
            "working_directory": ""
          },
          "sensitive_attributes": [],
          "private": "eyJzY2hlbWFfdmVyc2lvbiI6IjEifQ==",
          "dependencies": [
            "github_repository.mtc_repo",
            "tfe_oauth_client.mtc_oauth"
          ]
        }
      ]
    }
  ]
}
